// !$*UTF8*$!
{
	archiveVersion = 1;
	classes = {
	};
	objectVersion = 46;
	objects = {

/* Begin PBXBuildFile section */
		3AB4C24EE6888E456F345495 /* libPods-POP.a in Frameworks */ = {isa = PBXBuildFile; fileRef = 250CF8278230C96626F5D8D1 /* libPods-POP.a */; };
		6A738E021F4ACB2D003B3175 /* main.m in Sources */ = {isa = PBXBuildFile; fileRef = 6A738E011F4ACB2D003B3175 /* main.m */; };
		6A738E051F4ACB2D003B3175 /* AppDelegate.m in Sources */ = {isa = PBXBuildFile; fileRef = 6A738E041F4ACB2D003B3175 /* AppDelegate.m */; };
		6A738E081F4ACB2D003B3175 /* ViewController.m in Sources */ = {isa = PBXBuildFile; fileRef = 6A738E071F4ACB2D003B3175 /* ViewController.m */; };
		6A738E0B1F4ACB2D003B3175 /* Main.storyboard in Resources */ = {isa = PBXBuildFile; fileRef = 6A738E091F4ACB2D003B3175 /* Main.storyboard */; };
		6A738E0D1F4ACB2D003B3175 /* Assets.xcassets in Resources */ = {isa = PBXBuildFile; fileRef = 6A738E0C1F4ACB2D003B3175 /* Assets.xcassets */; };
		6A738E101F4ACB2D003B3175 /* LaunchScreen.storyboard in Resources */ = {isa = PBXBuildFile; fileRef = 6A738E0E1F4ACB2D003B3175 /* LaunchScreen.storyboard */; };
/* End PBXBuildFile section */

/* Begin PBXFileReference section */
		250CF8278230C96626F5D8D1 /* libPods-POP.a */ = {isa = PBXFileReference; explicitFileType = archive.ar; includeInIndex = 0; path = "libPods-POP.a"; sourceTree = BUILT_PRODUCTS_DIR; };
		6A738DFD1F4ACB2D003B3175 /* POP.app */ = {isa = PBXFileReference; explicitFileType = wrapper.application; includeInIndex = 0; path = POP.app; sourceTree = BUILT_PRODUCTS_DIR; };
		6A738E011F4ACB2D003B3175 /* main.m */ = {isa = PBXFileReference; lastKnownFileType = sourcecode.c.objc; path = main.m; sourceTree = "<group>"; };
		6A738E031F4ACB2D003B3175 /* AppDelegate.h */ = {isa = PBXFileReference; lastKnownFileType = sourcecode.c.h; path = AppDelegate.h; sourceTree = "<group>"; };
		6A738E041F4ACB2D003B3175 /* AppDelegate.m */ = {isa = PBXFileReference; lastKnownFileType = sourcecode.c.objc; path = AppDelegate.m; sourceTree = "<group>"; };
		6A738E061F4ACB2D003B3175 /* ViewController.h */ = {isa = PBXFileReference; lastKnownFileType = sourcecode.c.h; path = ViewController.h; sourceTree = "<group>"; };
		6A738E071F4ACB2D003B3175 /* ViewController.m */ = {isa = PBXFileReference; lastKnownFileType = sourcecode.c.objc; path = ViewController.m; sourceTree = "<group>"; };
		6A738E0A1F4ACB2D003B3175 /* Base */ = {isa = PBXFileReference; lastKnownFileType = file.storyboard; name = Base; path = Base.lproj/Main.storyboard; sourceTree = "<group>"; };
		6A738E0C1F4ACB2D003B3175 /* Assets.xcassets */ = {isa = PBXFileReference; lastKnownFileType = folder.assetcatalog; path = Assets.xcassets; sourceTree = "<group>"; };
		6A738E0F1F4ACB2D003B3175 /* Base */ = {isa = PBXFileReference; lastKnownFileType = file.storyboard; name = Base; path = Base.lproj/LaunchScreen.storyboard; sourceTree = "<group>"; };
		6A738E111F4ACB2D003B3175 /* Info.plist */ = {isa = PBXFileReference; lastKnownFileType = text.plist.xml; path = Info.plist; sourceTree = "<group>"; };
		9C04A6D36A031EF2C338E85F /* Pods-POP.release.xcconfig */ = {isa = PBXFileReference; includeInIndex = 1; lastKnownFileType = text.xcconfig; name = "Pods-POP.release.xcconfig"; path = "Pods/Target Support Files/Pods-POP/Pods-POP.release.xcconfig"; sourceTree = "<group>"; };
		BF2BB0661321449A4D3006F9 /* Pods-POP.debug.xcconfig */ = {isa = PBXFileReference; includeInIndex = 1; lastKnownFileType = text.xcconfig; name = "Pods-POP.debug.xcconfig"; path = "Pods/Target Support Files/Pods-POP/Pods-POP.debug.xcconfig"; sourceTree = "<group>"; };
/* End PBXFileReference section */

/* Begin PBXFrameworksBuildPhase section */
		6A738DFA1F4ACB2D003B3175 /* Frameworks */ = {
			isa = PBXFrameworksBuildPhase;
			buildActionMask = 2147483647;
			files = (
				3AB4C24EE6888E456F345495 /* libPods-POP.a in Frameworks */,
			);
			runOnlyForDeploymentPostprocessing = 0;
		};
/* End PBXFrameworksBuildPhase section */

/* Begin PBXGroup section */
		6A738DF41F4ACB2D003B3175 = {
			isa = PBXGroup;
			children = (
				6A738DFF1F4ACB2D003B3175 /* POP */,
				6A738DFE1F4ACB2D003B3175 /* Products */,
				C8CC8FE96B02A541078DA1B5 /* Pods */,
				F7D6A7949CFCA47AA6AE12FA /* Frameworks */,
			);
			sourceTree = "<group>";
		};
		6A738DFE1F4ACB2D003B3175 /* Products */ = {
			isa = PBXGroup;
			children = (
				6A738DFD1F4ACB2D003B3175 /* POP.app */,
			);
			name = Products;
			sourceTree = "<group>";
		};
		6A738DFF1F4ACB2D003B3175 /* POP */ = {
			isa = PBXGroup;
			children = (
				6A738E031F4ACB2D003B3175 /* AppDelegate.h */,
				6A738E041F4ACB2D003B3175 /* AppDelegate.m */,
				6A738E061F4ACB2D003B3175 /* ViewController.h */,
				6A738E071F4ACB2D003B3175 /* ViewController.m */,
				6A738E091F4ACB2D003B3175 /* Main.storyboard */,
				6A738E0C1F4ACB2D003B3175 /* Assets.xcassets */,
				6A738E0E1F4ACB2D003B3175 /* LaunchScreen.storyboard */,
				6A738E111F4ACB2D003B3175 /* Info.plist */,
				6A738E001F4ACB2D003B3175 /* Supporting Files */,
			);
			path = POP;
			sourceTree = "<group>";
		};
		6A738E001F4ACB2D003B3175 /* Supporting Files */ = {
			isa = PBXGroup;
			children = (
				6A738E011F4ACB2D003B3175 /* main.m */,
			);
			name = "Supporting Files";
			sourceTree = "<group>";
		};
		C8CC8FE96B02A541078DA1B5 /* Pods */ = {
			isa = PBXGroup;
			children = (
				BF2BB0661321449A4D3006F9 /* Pods-POP.debug.xcconfig */,
				9C04A6D36A031EF2C338E85F /* Pods-POP.release.xcconfig */,
			);
			name = Pods;
			sourceTree = "<group>";
		};
		F7D6A7949CFCA47AA6AE12FA /* Frameworks */ = {
			isa = PBXGroup;
			children = (
				250CF8278230C96626F5D8D1 /* libPods-POP.a */,
			);
			name = Frameworks;
			sourceTree = "<group>";
		};
/* End PBXGroup section */

/* Begin PBXNativeTarget section */
		6A738DFC1F4ACB2D003B3175 /* POP */ = {
			isa = PBXNativeTarget;
			buildConfigurationList = 6A738E141F4ACB2D003B3175 /* Build configuration list for PBXNativeTarget "POP" */;
			buildPhases = (
				5C3E8E7381B56DA520B04B50 /* [CP] Check Pods Manifest.lock */,
				6A738DF91F4ACB2D003B3175 /* Sources */,
				6A738DFA1F4ACB2D003B3175 /* Frameworks */,
				6A738DFB1F4ACB2D003B3175 /* Resources */,
				2B54A4D7F4F1A610F7D7FA4D /* [CP] Embed Pods Frameworks */,
				2854533BA2042B6EC51CE391 /* [CP] Copy Pods Resources */,
			);
			buildRules = (
			);
			dependencies = (
			);
			name = POP;
			productName = POP;
			productReference = 6A738DFD1F4ACB2D003B3175 /* POP.app */;
			productType = "com.apple.product-type.application";
		};
/* End PBXNativeTarget section */

/* Begin PBXProject section */
		6A738DF51F4ACB2D003B3175 /* Project object */ = {
			isa = PBXProject;
			attributes = {
				LastUpgradeCheck = 0830;
				ORGANIZATIONNAME = pansheng;
				TargetAttributes = {
					6A738DFC1F4ACB2D003B3175 = {
						CreatedOnToolsVersion = 8.3.3;
						ProvisioningStyle = Automatic;
					};
				};
			};
			buildConfigurationList = 6A738DF81F4ACB2D003B3175 /* Build configuration list for PBXProject "POP" */;
			compatibilityVersion = "Xcode 3.2";
			developmentRegion = English;
			hasScannedForEncodings = 0;
			knownRegions = (
				en,
				Base,
			);
			mainGroup = 6A738DF41F4ACB2D003B3175;
			productRefGroup = 6A738DFE1F4ACB2D003B3175 /* Products */;
			projectDirPath = "";
			projectRoot = "";
			targets = (
				6A738DFC1F4ACB2D003B3175 /* POP */,
			);
		};
/* End PBXProject section */

/* Begin PBXResourcesBuildPhase section */
		6A738DFB1F4ACB2D003B3175 /* Resources */ = {
			isa = PBXResourcesBuildPhase;
			buildActionMask = 2147483647;
			files = (
				6A738E101F4ACB2D003B3175 /* LaunchScreen.storyboard in Resources */,
				6A738E0D1F4ACB2D003B3175 /* Assets.xcassets in Resources */,
				6A738E0B1F4ACB2D003B3175 /* Main.storyboard in Resources */,
			);
			runOnlyForDeploymentPostprocessing = 0;
		};
/* End PBXResourcesBuildPhase section */

/* Begin PBXShellScriptBuildPhase section */
		2854533BA2042B6EC51CE391 /* [CP] Copy Pods Resources */ = {
			isa = PBXShellScriptBuildPhase;
			buildActionMask = 2147483647;
			files = (
			);
			inputPaths = (
			);
			name = "[CP] Copy Pods Resources";
			outputPaths = (
			);
			runOnlyForDeploymentPostprocessing = 0;
			shellPath = /bin/sh;
			shellScript = "\"${SRCROOT}/Pods/Target Support Files/Pods-POP/Pods-POP-resources.sh\"\n";
			showEnvVarsInLog = 0;
		};
		2B54A4D7F4F1A610F7D7FA4D /* [CP] Embed Pods Frameworks */ = {
			isa = PBXShellScriptBuildPhase;
			buildActionMask = 2147483647;
			files = (
			);
			inputPaths = (
			);
			name = "[CP] Embed Pods Frameworks";
			outputPaths = (
			);
			runOnlyForDeploymentPostprocessing = 0;
			shellPath = /bin/sh;
			shellScript = "\"${SRCROOT}/Pods/Target Support Files/Pods-POP/Pods-POP-frameworks.sh\"\n";
			showEnvVarsInLog = 0;
		};
		5C3E8E7381B56DA520B04B50 /* [CP] Check Pods Manifest.lock */ = {
			isa = PBXShellScriptBuildPhase;
			buildActionMask = 2147483647;
			files = (
			);
			inputPaths = (
			);
			name = "[CP] Check Pods Manifest.lock";
			outputPaths = (
			);
			runOnlyForDeploymentPostprocessing = 0;
			shellPath = /bin/sh;
			shellScript = "diff \"${PODS_ROOT}/../Podfile.lock\" \"${PODS_ROOT}/Manifest.lock\" > /dev/null\nif [ $? != 0 ] ; then\n    # print error to STDERR\n    echo \"error: The sandbox is not in sync with the Podfile.lock. Run 'pod install' or update your CocoaPods installation.\" >&2\n    exit 1\nfi\n";
			showEnvVarsInLog = 0;
		};
/* End PBXShellScriptBuildPhase section */

/* Begin PBXSourcesBuildPhase section */
		6A738DF91F4ACB2D003B3175 /* Sources */ = {
			isa = PBXSourcesBuildPhase;
			buildActionMask = 2147483647;
			files = (
				6A738E081F4ACB2D003B3175 /* ViewController.m in Sources */,
				6A738E051F4ACB2D003B3175 /* AppDelegate.m in Sources */,
				6A738E021F4ACB2D003B3175 /* main.m in Sources */,
			);
			runOnlyForDeploymentPostprocessing = 0;
		};
/* End PBXSourcesBuildPhase section */

/* Begin PBXVariantGroup section */
		6A738E091F4ACB2D003B3175 /* Main.storyboard */ = {
			isa = PBXVariantGroup;
			children = (
				6A738E0A1F4ACB2D003B3175 /* Base */,
			);
			name = Main.storyboard;
			sourceTree = "<group>";
		};
		6A738E0E1F4ACB2D003B3175 /* LaunchScreen.storyboard */ = {
			isa = PBXVariantGroup;
			children = (
				6A738E0F1F4ACB2D003B3175 /* Base */,
			);
			name = LaunchScreen.storyboard;
			sourceTree = "<group>";
		};
/* End PBXVariantGroup section */

/* Begin XCBuildConfiguration section */
		6A738E121F4ACB2D003B3175 /* Debug */ = {
			isa = XCBuildConfiguration;
			buildSettings = {
				ALWAYS_SEARCH_USER_PATHS = NO;
				CLANG_ANALYZER_NONNULL = YES;
				CLANG_ANALYZER_NUMBER_OBJECT_CONVERSION = YES_AGGRESSIVE;
				CLANG_CXX_LANGUAGE_STANDARD = "gnu++0x";
				CLANG_CXX_LIBRARY = "libc++";
				CLANG_ENABLE_MODULES = YES;
				CLANG_ENABLE_OBJC_ARC = YES;
				CLANG_WARN_BOOL_CONVERSION = YES;
				CLANG_WARN_CONSTANT_CONVERSION = YES;
				CLANG_WARN_DIRECT_OBJC_ISA_USAGE = YES_ERROR;
				CLANG_WARN_DOCUMENTATION_COMMENTS = YES;
				CLANG_WARN_EMPTY_BODY = YES;
				CLANG_WARN_ENUM_CONVERSION = YES;
				CLANG_WARN_INFINITE_RECURSION = YES;
				CLANG_WARN_INT_CONVERSION = YES;
				CLANG_WARN_OBJC_ROOT_CLASS = YES_ERROR;
				CLANG_WARN_SUSPICIOUS_MOVE = YES;
				CLANG_WARN_UNREACHABLE_CODE = YES;
				CLANG_WARN__DUPLICATE_METHOD_MATCH = YES;
				"CODE_SIGN_IDENTITY[sdk=iphoneos*]" = "iPhone Developer";
				COPY_PHASE_STRIP = NO;
				DEBUG_INFORMATION_FORMAT = dwarf;
				ENABLE_STRICT_OBJC_MSGSEND = YES;
				ENABLE_TESTABILITY = YES;
				GCC_C_LANGUAGE_STANDARD = gnu99;
				GCC_DYNAMIC_NO_PIC = NO;
				GCC_NO_COMMON_BLOCKS = YES;
				GCC_OPTIMIZATION_LEVEL = 0;
				GCC_PREPROCESSOR_DEFINITIONS = (
					"DEBUG=1",
					"$(inherited)",
				);
				GCC_WARN_64_TO_32_BIT_CONVERSION = YES;
				GCC_WARN_ABOUT_RETURN_TYPE = YES_ERROR;
				GCC_WARN_UNDECLARED_SELECTOR = YES;
				GCC_WARN_UNINITIALIZED_AUTOS = YES_AGGRESSIVE;
				GCC_WARN_UNUSED_FUNCTION = YES;
				GCC_WARN_UNUSED_VARIABLE = YES;
				IPHONEOS_DEPLOYMENT_TARGET = 10.3;
				MTL_ENABLE_DEBUG_INFO = YES;
				ONLY_ACTIVE_ARCH = YES;
				SDKROOT = iphoneos;
			};
			name = Debug;
		};
		6A738E131F4ACB2D003B3175 /* Release */ = {
			isa = XCBuildConfiguration;
			buildSettings = {
				ALWAYS_SEARCH_USER_PATHS = NO;
				CLANG_ANALYZER_NONNULL = YES;
				CLANG_ANALYZER_NUMBER_OBJECT_CONVERSION = YES_AGGRESSIVE;
				CLANG_CXX_LANGUAGE_STANDARD = "gnu++0x";
				CLANG_CXX_LIBRARY = "libc++";
				CLANG_ENABLE_MODULES = YES;
				CLANG_ENABLE_OBJC_ARC = YES;
				CLANG_WARN_BOOL_CONVERSION = YES;
				CLANG_WARN_CONSTANT_CONVERSION = YES;
				CLANG_WARN_DIRECT_OBJC_ISA_USAGE = YES_ERROR;
				CLANG_WARN_DOCUMENTATION_COMMENTS = YES;
				CLANG_WARN_EMPTY_BODY = YES;
				CLANG_WARN_ENUM_CONVERSION = YES;
				CLANG_WARN_INFINITE_RECURSION = YES;
				CLANG_WARN_INT_CONVERSION = YES;
				CLANG_WARN_OBJC_ROOT_CLASS = YES_ERROR;
				CLANG_WARN_SUSPICIOUS_MOVE = YES;
				CLANG_WARN_UNREACHABLE_CODE = YES;
				CLANG_WARN__DUPLICATE_METHOD_MATCH = YES;
				"CODE_SIGN_IDENTITY[sdk=iphoneos*]" = "iPhone Developer";
				COPY_PHASE_STRIP = NO;
				DEBUG_INFORMATION_FORMAT = "dwarf-with-dsym";
				ENABLE_NS_ASSERTIONS = NO;
				ENABLE_STRICT_OBJC_MSGSEND = YES;
				GCC_C_LANGUAGE_STANDARD = gnu99;
				GCC_NO_COMMON_BLOCKS = YES;
				GCC_WARN_64_TO_32_BIT_CONVERSION = YES;
				GCC_WARN_ABOUT_RETURN_TYPE = YES_ERROR;
				GCC_WARN_UNDECLARED_SELECTOR = YES;
				GCC_WARN_UNINITIALIZED_AUTOS = YES_AGGRESSIVE;
				GCC_WARN_UNUSED_FUNCTION = YES;
				GCC_WARN_UNUSED_VARIABLE = YES;
				IPHONEOS_DEPLOYMENT_TARGET = 10.3;
				MTL_ENABLE_DEBUG_INFO = NO;
				SDKROOT = iphoneos;
				VALIDATE_PRODUCT = YES;
			};
			name = Release;
		};
		6A738E151F4ACB2D003B3175 /* Debug */ = {
			isa = XCBuildConfiguration;
			baseConfigurationReference = BF2BB0661321449A4D3006F9 /* Pods-POP.debug.xcconfig */;
			buildSettings = {
				ASSETCATALOG_COMPILER_APPICON_NAME = AppIcon;
				INFOPLIST_FILE = POP/Info.plist;
				LD_RUNPATH_SEARCH_PATHS = "$(inherited) @executable_path/Frameworks";
				PRODUCT_BUNDLE_IDENTIFIER = com.pansheng.POP;
				PRODUCT_NAME = "$(TARGET_NAME)";
			};
			name = Debug;
		};
		6A738E161F4ACB2D003B3175 /* Release */ = {
			isa = XCBuildConfiguration;
			baseConfigurationReference = 9C04A6D36A031EF2C338E85F /* Pods-POP.release.xcconfig */;
			buildSettings = {
				ASSETCATALOG_COMPILER_APPICON_NAME = AppIcon;
				INFOPLIST_FILE = POP/Info.plist;
				LD_RUNPATH_SEARCH_PATHS = "$(inherited) @executable_path/Frameworks";
				PRODUCT_BUNDLE_IDENTIFIER = com.pansheng.POP;
				PRODUCT_NAME = "$(TARGET_NAME)";
			};
			name = Release;
		};
/* End XCBuildConfiguration section */

/* Begin XCConfigurationList section */
		6A738DF81F4ACB2D003B3175 /* Build configuration list for PBXProject "POP" */ = {
			isa = XCConfigurationList;
			buildConfigurations = (
				6A738E121F4ACB2D003B3175 /* Debug */,
				6A738E131F4ACB2D003B3175 /* Release */,
			);
			defaultConfigurationIsVisible = 0;
			defaultConfigurationName = Release;
		};
		6A738E141F4ACB2D003B3175 /* Build configuration list for PBXNativeTarget "POP" */ = {
			isa = XCConfigurationList;
			buildConfigurations = (
				6A738E151F4ACB2D003B3175 /* Debug */,
				6A738E161F4ACB2D003B3175 /* Release */,
			);
			defaultConfigurationIsVisible = 0;
		};
/* End XCConfigurationList section */
	};
	rootObject = 6A738DF51F4ACB2D003B3175 /* Project object */;
}
